
Microsoft Visual Studio Solution File, Format Version 12.00
# Visual Studio Version 16
VisualStudioVersion = 16.0.30611.23
MinimumVisualStudioVersion = 10.0.40219.1
Project("{FAE04EC0-301F-11D3-BF4B-00C04F79EFBC}") = "Traceabilty_Flex", "Traceabilty_Flex\Traceabilty_Flex.csproj", "{5D795496-0A59-45C9-8480-864698B6EFC5}"
EndProject
Global
	GlobalSection(SolutionConfigurationPlatforms) = preSolution
		Debug|Any CPU = Debug|Any CPU
		Debug|x64 = Debug|x64
		Release|Any CPU = Release|Any CPU
		Release|x64 = Release|x64
	EndGlobalSection
	GlobalSection(ProjectConfigurationPlatforms) = postSolution
		{5D795496-0A59-45C9-8480-864698B6EFC5}.Debug|Any CPU.ActiveCfg = Debug|Any CPU
		{5D795496-0A59-45C9-8480-864698B6EFC5}.Debug|Any CPU.Build.0 = Debug|Any CPU
		{5D795496-0A59-45C9-8480-864698B6EFC5}.Debug|x64.ActiveCfg = Debug|x64
		{5D795496-0A59-45C9-8480-864698B6EFC5}.Debug|x64.Build.0 = Debug|x64
		{5D795496-0A59-45C9-8480-864698B6EFC5}.Release|Any CPU.ActiveCfg = Release|Any CPU
		{5D795496-0A59-45C9-8480-864698B6EFC5}.Release|Any CPU.Build.0 = Release|Any CPU
		{5D795496-0A59-45C9-8480-864698B6EFC5}.Release|x64.ActiveCfg = Release|x64
		{5D795496-0A59-45C9-8480-864698B6EFC5}.Release|x64.Build.0 = Release|x64
	EndGlobalSection
	GlobalSection(SolutionProperties) = preSolution
		HideSolutionNode = FALSE
	EndGlobalSection
	GlobalSection(ExtensibilityGlobals) = postSolution
		SolutionGuid = {11BE6022-4CF7-465A-85FC-38A62B1E52A1}
	EndGlobalSection
EndGlobal
